
Microsoft Visual Studio Solution File, Format Version 12.00
# Visual Studio Express 2013 for Windows Desktop
VisualStudioVersion = 12.0.30501.0
MinimumVisualStudioVersion = 10.0.40219.1
Project("{FAE04EC0-301F-11D3-BF4B-00C04F79EFBC}") = "WebDAVServer", "WebDAVServer\WebDAVServer.csproj", "{E833033F-4E4B-4493-A8C3-9A5F4F0536B0}"
EndProject
Project("{8BC9CEB8-8B4A-11D0-8D11-00A0C91BC942}") = "MlvFsDng", "MlvFsDng\MlvFsDng.vcxproj", "{0639F639-D3C1-4E0E-9E58-9DCEC2B638EE}"
EndProject
Global
	GlobalSection(SolutionConfigurationPlatforms) = preSolution
		Debug|Any CPU = Debug|Any CPU
		Debug|Mixed Platforms = Debug|Mixed Platforms
		Debug|Win32 = Debug|Win32
		Debug|x86 = Debug|x86
		Release|Any CPU = Release|Any CPU
		Release|Mixed Platforms = Release|Mixed Platforms
		Release|Win32 = Release|Win32
		Release|x86 = Release|x86
	EndGlobalSection
	GlobalSection(ProjectConfigurationPlatforms) = postSolution
		{E833033F-4E4B-4493-A8C3-9A5F4F0536B0}.Debug|Any CPU.ActiveCfg = Debug|Any CPU
		{E833033F-4E4B-4493-A8C3-9A5F4F0536B0}.Debug|Any CPU.Build.0 = Debug|Any CPU
		{E833033F-4E4B-4493-A8C3-9A5F4F0536B0}.Debug|Mixed Platforms.ActiveCfg = Debug|x86
		{E833033F-4E4B-4493-A8C3-9A5F4F0536B0}.Debug|Mixed Platforms.Build.0 = Debug|x86
		{E833033F-4E4B-4493-A8C3-9A5F4F0536B0}.Debug|Win32.ActiveCfg = Debug|x86
		{E833033F-4E4B-4493-A8C3-9A5F4F0536B0}.Debug|Win32.Build.0 = Debug|x86
		{E833033F-4E4B-4493-A8C3-9A5F4F0536B0}.Debug|x86.ActiveCfg = Debug|x86
		{E833033F-4E4B-4493-A8C3-9A5F4F0536B0}.Debug|x86.Build.0 = Debug|x86
		{E833033F-4E4B-4493-A8C3-9A5F4F0536B0}.Release|Any CPU.ActiveCfg = Release|Any CPU
		{E833033F-4E4B-4493-A8C3-9A5F4F0536B0}.Release|Any CPU.Build.0 = Release|Any CPU
		{E833033F-4E4B-4493-A8C3-9A5F4F0536B0}.Release|Mixed Platforms.ActiveCfg = Release|x86
		{E833033F-4E4B-4493-A8C3-9A5F4F0536B0}.Release|Mixed Platforms.Build.0 = Release|x86
		{E833033F-4E4B-4493-A8C3-9A5F4F0536B0}.Release|Win32.ActiveCfg = Release|x86
		{E833033F-4E4B-4493-A8C3-9A5F4F0536B0}.Release|Win32.Build.0 = Release|x86
		{E833033F-4E4B-4493-A8C3-9A5F4F0536B0}.Release|x86.ActiveCfg = Release|x86
		{E833033F-4E4B-4493-A8C3-9A5F4F0536B0}.Release|x86.Build.0 = Release|x86
		{0639F639-D3C1-4E0E-9E58-9DCEC2B638EE}.Debug|Any CPU.ActiveCfg = Debug|Win32
		{0639F639-D3C1-4E0E-9E58-9DCEC2B638EE}.Debug|Mixed Platforms.ActiveCfg = Debug|Win32
		{0639F639-D3C1-4E0E-9E58-9DCEC2B638EE}.Debug|Mixed Platforms.Build.0 = Debug|Win32
		{0639F639-D3C1-4E0E-9E58-9DCEC2B638EE}.Debug|Win32.ActiveCfg = Debug|Win32
		{0639F639-D3C1-4E0E-9E58-9DCEC2B638EE}.Debug|Win32.Build.0 = Debug|Win32
		{0639F639-D3C1-4E0E-9E58-9DCEC2B638EE}.Debug|x86.ActiveCfg = Debug|Win32
		{0639F639-D3C1-4E0E-9E58-9DCEC2B638EE}.Debug|x86.Build.0 = Debug|Win32
		{0639F639-D3C1-4E0E-9E58-9DCEC2B638EE}.Release|Any CPU.ActiveCfg = Release|Win32
		{0639F639-D3C1-4E0E-9E58-9DCEC2B638EE}.Release|Mixed Platforms.ActiveCfg = Release|Win32
		{0639F639-D3C1-4E0E-9E58-9DCEC2B638EE}.Release|Mixed Platforms.Build.0 = Release|Win32
		{0639F639-D3C1-4E0E-9E58-9DCEC2B638EE}.Release|Win32.ActiveCfg = Release|Win32
		{0639F639-D3C1-4E0E-9E58-9DCEC2B638EE}.Release|Win32.Build.0 = Release|Win32
		{0639F639-D3C1-4E0E-9E58-9DCEC2B638EE}.Release|x86.ActiveCfg = Release|Win32
		{0639F639-D3C1-4E0E-9E58-9DCEC2B638EE}.Release|x86.Build.0 = Release|Win32
	EndGlobalSection
	GlobalSection(SolutionProperties) = preSolution
		HideSolutionNode = FALSE
	EndGlobalSection
EndGlobal
